
Microsoft Visual Studio Solution File, Format Version 12.00
# Visual Studio 2013
VisualStudioVersion = 12.0.30501.0
MinimumVisualStudioVersion = 10.0.40219.1
Project("{FAE04EC0-301F-11D3-BF4B-00C04F79EFBC}") = "Core", "Core\Core.csproj", "{0AB61E98-1A9D-4571-BABE-F276B513435C}"
EndProject
Project("{FAE04EC0-301F-11D3-BF4B-00C04F79EFBC}") = "TranslationTier", "TranslationTier\TranslationTier.csproj", "{3D041F78-9D37-4E06-9B5A-4F80FB3A595B}"
EndProject
Project("{FAE04EC0-301F-11D3-BF4B-00C04F79EFBC}") = "Standalone", "Standalone\Standalone.csproj", "{20CE5890-7AC6-4CC7-8EE9-B1C792293B34}"
	ProjectSection(ProjectDependencies) = postProject
		{3D041F78-9D37-4E06-9B5A-4F80FB3A595B} = {3D041F78-9D37-4E06-9B5A-4F80FB3A595B}
		{0AB61E98-1A9D-4571-BABE-F276B513435C} = {0AB61E98-1A9D-4571-BABE-F276B513435C}
	EndProjectSection
EndProject
Project("{FAE04EC0-301F-11D3-BF4B-00C04F79EFBC}") = "VSCode_in", "VSCode_in\VSCode_in.csproj", "{61BDD560-32E2-4A5A-A277-B46E409DCB28}"
EndProject
Project("{FAE04EC0-301F-11D3-BF4B-00C04F79EFBC}") = "VSCode_in_IntegrationTests", "VSCode_in\VSCode_in_IntegrationTests\VSCode_in_IntegrationTests.csproj", "{6FF9AE01-D70D-4306-A761-2F810C2DCE56}"
EndProject
Project("{2150E333-8FDC-42A3-9474-1A3956D46DE8}") = "Solution Items", "Solution Items", "{9DA68930-E5B9-4A36-B4CE-780C27BC6125}"
	ProjectSection(SolutionItems) = preProject
		IntegrationTests.testsettings = IntegrationTests.testsettings
		UnitTests.testsettings = UnitTests.testsettings
	EndProjectSection
EndProject
Project("{FAE04EC0-301F-11D3-BF4B-00C04F79EFBC}") = "VSCode_in_UnitTests", "VSCode_in\VSCode_in_UnitTests\VSCode_in_UnitTests.csproj", "{CB7FFC77-3181-4F87-866C-2D870028461C}"
EndProject
Global
	GlobalSection(SolutionConfigurationPlatforms) = preSolution
		Debug|Any CPU = Debug|Any CPU
		Release|Any CPU = Release|Any CPU
	EndGlobalSection
	GlobalSection(ProjectConfigurationPlatforms) = postSolution
		{0AB61E98-1A9D-4571-BABE-F276B513435C}.Debug|Any CPU.ActiveCfg = Debug|Any CPU
		{0AB61E98-1A9D-4571-BABE-F276B513435C}.Debug|Any CPU.Build.0 = Debug|Any CPU
		{0AB61E98-1A9D-4571-BABE-F276B513435C}.Release|Any CPU.ActiveCfg = Release|Any CPU
		{0AB61E98-1A9D-4571-BABE-F276B513435C}.Release|Any CPU.Build.0 = Release|Any CPU
		{3D041F78-9D37-4E06-9B5A-4F80FB3A595B}.Debug|Any CPU.ActiveCfg = Debug|Any CPU
		{3D041F78-9D37-4E06-9B5A-4F80FB3A595B}.Debug|Any CPU.Build.0 = Debug|Any CPU
		{3D041F78-9D37-4E06-9B5A-4F80FB3A595B}.Release|Any CPU.ActiveCfg = Release|Any CPU
		{3D041F78-9D37-4E06-9B5A-4F80FB3A595B}.Release|Any CPU.Build.0 = Release|Any CPU
		{20CE5890-7AC6-4CC7-8EE9-B1C792293B34}.Debug|Any CPU.ActiveCfg = Debug|Any CPU
		{20CE5890-7AC6-4CC7-8EE9-B1C792293B34}.Debug|Any CPU.Build.0 = Debug|Any CPU
		{20CE5890-7AC6-4CC7-8EE9-B1C792293B34}.Release|Any CPU.ActiveCfg = Release|Any CPU
		{20CE5890-7AC6-4CC7-8EE9-B1C792293B34}.Release|Any CPU.Build.0 = Release|Any CPU
		{61BDD560-32E2-4A5A-A277-B46E409DCB28}.Debug|Any CPU.ActiveCfg = Debug|Any CPU
		{61BDD560-32E2-4A5A-A277-B46E409DCB28}.Debug|Any CPU.Build.0 = Debug|Any CPU
		{61BDD560-32E2-4A5A-A277-B46E409DCB28}.Release|Any CPU.ActiveCfg = Release|Any CPU
		{61BDD560-32E2-4A5A-A277-B46E409DCB28}.Release|Any CPU.Build.0 = Release|Any CPU
		{6FF9AE01-D70D-4306-A761-2F810C2DCE56}.Debug|Any CPU.ActiveCfg = Debug|Any CPU
		{6FF9AE01-D70D-4306-A761-2F810C2DCE56}.Debug|Any CPU.Build.0 = Debug|Any CPU
		{6FF9AE01-D70D-4306-A761-2F810C2DCE56}.Release|Any CPU.ActiveCfg = Release|Any CPU
		{6FF9AE01-D70D-4306-A761-2F810C2DCE56}.Release|Any CPU.Build.0 = Release|Any CPU
		{CB7FFC77-3181-4F87-866C-2D870028461C}.Debug|Any CPU.ActiveCfg = Debug|Any CPU
		{CB7FFC77-3181-4F87-866C-2D870028461C}.Debug|Any CPU.Build.0 = Debug|Any CPU
		{CB7FFC77-3181-4F87-866C-2D870028461C}.Release|Any CPU.ActiveCfg = Release|Any CPU
		{CB7FFC77-3181-4F87-866C-2D870028461C}.Release|Any CPU.Build.0 = Release|Any CPU
	EndGlobalSection
	GlobalSection(SolutionProperties) = preSolution
		HideSolutionNode = FALSE
	EndGlobalSection
EndGlobal
