
Microsoft Visual Studio Solution File, Format Version 12.00
# Visual Studio 2013
VisualStudioVersion = 12.0.30501.0
MinimumVisualStudioVersion = 10.0.40219.1
Project("{FAE04EC0-301F-11D3-BF4B-00C04F79EFBC}") = "VSAddIn", "VSAddIn\VSAddIn.csproj", "{54C786E5-FD14-4036-92AE-E9F25B71534B}"
	ProjectSection(ProjectDependencies) = postProject
		{0AB61E98-1A9D-4571-BABE-F276B513435C} = {0AB61E98-1A9D-4571-BABE-F276B513435C}
	EndProjectSection
EndProject
Project("{FAE04EC0-301F-11D3-BF4B-00C04F79EFBC}") = "Core", "Core\Core.csproj", "{0AB61E98-1A9D-4571-BABE-F276B513435C}"
	ProjectSection(ProjectDependencies) = postProject
		{254EB3E6-AD4D-45D1-BA9A-836E6278BA9E} = {254EB3E6-AD4D-45D1-BA9A-836E6278BA9E}
	EndProjectSection
EndProject
Project("{FAE04EC0-301F-11D3-BF4B-00C04F79EFBC}") = "CSharpCodeMgr", "CSharpCodeMgr\CSharpCodeMgr.csproj", "{C394D84F-95D3-4689-A9DF-2DA9C315265E}"
	ProjectSection(ProjectDependencies) = postProject
		{254EB3E6-AD4D-45D1-BA9A-836E6278BA9E} = {254EB3E6-AD4D-45D1-BA9A-836E6278BA9E}
	EndProjectSection
EndProject
Project("{FAE04EC0-301F-11D3-BF4B-00C04F79EFBC}") = "CodeMgr", "CodeMgr\CodeMgr.csproj", "{254EB3E6-AD4D-45D1-BA9A-836E6278BA9E}"
EndProject
Global
	GlobalSection(SolutionConfigurationPlatforms) = preSolution
		Debug|Any CPU = Debug|Any CPU
		Release|Any CPU = Release|Any CPU
	EndGlobalSection
	GlobalSection(ProjectConfigurationPlatforms) = postSolution
		{54C786E5-FD14-4036-92AE-E9F25B71534B}.Debug|Any CPU.ActiveCfg = Debug|Any CPU
		{54C786E5-FD14-4036-92AE-E9F25B71534B}.Debug|Any CPU.Build.0 = Debug|Any CPU
		{54C786E5-FD14-4036-92AE-E9F25B71534B}.Release|Any CPU.ActiveCfg = Release|Any CPU
		{54C786E5-FD14-4036-92AE-E9F25B71534B}.Release|Any CPU.Build.0 = Release|Any CPU
		{0AB61E98-1A9D-4571-BABE-F276B513435C}.Debug|Any CPU.ActiveCfg = Debug|Any CPU
		{0AB61E98-1A9D-4571-BABE-F276B513435C}.Debug|Any CPU.Build.0 = Debug|Any CPU
		{0AB61E98-1A9D-4571-BABE-F276B513435C}.Release|Any CPU.ActiveCfg = Release|Any CPU
		{0AB61E98-1A9D-4571-BABE-F276B513435C}.Release|Any CPU.Build.0 = Release|Any CPU
		{C394D84F-95D3-4689-A9DF-2DA9C315265E}.Debug|Any CPU.ActiveCfg = Debug|Any CPU
		{C394D84F-95D3-4689-A9DF-2DA9C315265E}.Debug|Any CPU.Build.0 = Debug|Any CPU
		{C394D84F-95D3-4689-A9DF-2DA9C315265E}.Release|Any CPU.ActiveCfg = Release|Any CPU
		{C394D84F-95D3-4689-A9DF-2DA9C315265E}.Release|Any CPU.Build.0 = Release|Any CPU
		{254EB3E6-AD4D-45D1-BA9A-836E6278BA9E}.Debug|Any CPU.ActiveCfg = Debug|Any CPU
		{254EB3E6-AD4D-45D1-BA9A-836E6278BA9E}.Debug|Any CPU.Build.0 = Debug|Any CPU
		{254EB3E6-AD4D-45D1-BA9A-836E6278BA9E}.Release|Any CPU.ActiveCfg = Release|Any CPU
		{254EB3E6-AD4D-45D1-BA9A-836E6278BA9E}.Release|Any CPU.Build.0 = Release|Any CPU
	EndGlobalSection
	GlobalSection(SolutionProperties) = preSolution
		HideSolutionNode = FALSE
	EndGlobalSection
EndGlobal
